{
  "lockfileVersion": 1,
  "workspaces": {
    "": {
      "name": "portfolio",
      "dependencies": {
        "animejs": "^4.0.2",
      },
      "devDependencies": {
        "daisyui": "^5.0.35",
        "tailwindcss": "^4.1.7",
      },
    },
  },
  "packages": {
    "animejs": ["animejs@4.0.2", "", {}, ""],

    "daisyui": ["daisyui@5.0.35", "", {}, "sha512-AWi11n/x5++mps55jcwrBf0Lmip1euWY0FYcH/05SFGmoqrU7S7/aIUWaiaeqlJ5EcmEZ/7zEY73aOxMv6hcIg=="],

    "tailwindcss": ["tailwindcss@4.1.7", "", {}, ""],
  }
}
